// !$*UTF8*$!
{
	archiveVersion = 1;
	classes = {
	};
	objectVersion = 70;
	objects = {

/* Begin PBXBuildFile section */
		B8327E9D2D04E47900DC1AC1 /* Factory in Frameworks */ = {isa = PBXBuildFile; productRef = B8327E9C2D04E47900DC1AC1 /* Factory */; };
		B8327F062D0E45AD00DC1AC1 /* DataLayer in Frameworks */ = {isa = PBXBuildFile; productRef = B8327F052D0E45AD00DC1AC1 /* DataLayer */; };
		B8327F082D0E45B100DC1AC1 /* DomainLayer in Frameworks */ = {isa = PBXBuildFile; productRef = B8327F072D0E45B100DC1AC1 /* DomainLayer */; };
		B86B5AB42C56DEA3003BBEE4 /* Models in Frameworks */ = {isa = PBXBuildFile; productRef = B86B5AB32C56DEA3003BBEE4 /* Models */; };
		B86B5AB62C56F41B003BBEE4 /* Models in Resources */ = {isa = PBXBuildFile; fileRef = B86B5AB52C56F41B003BBEE4 /* Models */; };
		B86B5AB92C56F4BD003BBEE4 /* DataLayer in Resources */ = {isa = PBXBuildFile; fileRef = B86B5AB72C56F4BD003BBEE4 /* DataLayer */; };
		B86B5ABA2C56F4BD003BBEE4 /* DomainLayer in Resources */ = {isa = PBXBuildFile; fileRef = B86B5AB82C56F4BD003BBEE4 /* DomainLayer */; };
		B86B5AC32C56F580003BBEE4 /* SimpleToast in Frameworks */ = {isa = PBXBuildFile; productRef = B86B5AC22C56F580003BBEE4 /* SimpleToast */; };
		B86B5ADB2C584498003BBEE4 /* DocScanner in Frameworks */ = {isa = PBXBuildFile; platformFilter = ios; productRef = B86B5ADA2C584498003BBEE4 /* DocScanner */; };
		B86B5ADE2C5844BC003BBEE4 /* SimpleKeychain in Frameworks */ = {isa = PBXBuildFile; productRef = B86B5ADD2C5844BC003BBEE4 /* SimpleKeychain */; };
		B86B5AE12C5844F5003BBEE4 /* OneTimePassword in Frameworks */ = {isa = PBXBuildFile; productRef = B86B5AE02C5844F5003BBEE4 /* OneTimePassword */; };
/* End PBXBuildFile section */

/* Begin PBXContainerItemProxy section */
		B86B5A942C56DD8E003BBEE4 /* PBXContainerItemProxy */ = {
			isa = PBXContainerItemProxy;
			containerPortal = B86B5A782C56DD8D003BBEE4 /* Project object */;
			proxyType = 1;
			remoteGlobalIDString = B86B5A7F2C56DD8D003BBEE4;
			remoteInfo = AuthKeeper;
		};
		B86B5A9E2C56DD8F003BBEE4 /* PBXContainerItemProxy */ = {
			isa = PBXContainerItemProxy;
			containerPortal = B86B5A782C56DD8D003BBEE4 /* Project object */;
			proxyType = 1;
			remoteGlobalIDString = B86B5A7F2C56DD8D003BBEE4;
			remoteInfo = AuthKeeper;
		};
/* End PBXContainerItemProxy section */

/* Begin PBXFileReference section */
		B86B5A802C56DD8D003BBEE4 /* AuthKeeper.app */ = {isa = PBXFileReference; explicitFileType = wrapper.application; includeInIndex = 0; path = AuthKeeper.app; sourceTree = BUILT_PRODUCTS_DIR; };
		B86B5A932C56DD8E003BBEE4 /* AuthKeeperTests.xctest */ = {isa = PBXFileReference; explicitFileType = wrapper.cfbundle; includeInIndex = 0; path = AuthKeeperTests.xctest; sourceTree = BUILT_PRODUCTS_DIR; };
		B86B5A9D2C56DD8F003BBEE4 /* AuthKeeperUITests.xctest */ = {isa = PBXFileReference; explicitFileType = wrapper.cfbundle; includeInIndex = 0; path = AuthKeeperUITests.xctest; sourceTree = BUILT_PRODUCTS_DIR; };
		B86B5AB52C56F41B003BBEE4 /* Models */ = {isa = PBXFileReference; lastKnownFileType = wrapper; name = Models; path = LocalPackages/Models; sourceTree = "<group>"; };
		B86B5AB72C56F4BD003BBEE4 /* DataLayer */ = {isa = PBXFileReference; lastKnownFileType = wrapper; name = DataLayer; path = LocalPackages/DataLayer; sourceTree = "<group>"; };
		B86B5AB82C56F4BD003BBEE4 /* DomainLayer */ = {isa = PBXFileReference; lastKnownFileType = wrapper; name = DomainLayer; path = LocalPackages/DomainLayer; sourceTree = "<group>"; };
/* End PBXFileReference section */

/* Begin PBXFileSystemSynchronizedRootGroup section */
		B86B5A822C56DD8D003BBEE4 /* AuthKeeper */ = {isa = PBXFileSystemSynchronizedRootGroup; explicitFileTypes = {}; explicitFolders = (); path = AuthKeeper; sourceTree = "<group>"; };
		B86B5A962C56DD8E003BBEE4 /* AuthKeeperTests */ = {isa = PBXFileSystemSynchronizedRootGroup; explicitFileTypes = {}; explicitFolders = (); path = AuthKeeperTests; sourceTree = "<group>"; };
		B86B5AA02C56DD8F003BBEE4 /* AuthKeeperUITests */ = {isa = PBXFileSystemSynchronizedRootGroup; explicitFileTypes = {}; explicitFolders = (); path = AuthKeeperUITests; sourceTree = "<group>"; };
/* End PBXFileSystemSynchronizedRootGroup section */

/* Begin PBXFrameworksBuildPhase section */
		B86B5A7D2C56DD8D003BBEE4 /* Frameworks */ = {
			isa = PBXFrameworksBuildPhase;
			buildActionMask = 2147483647;
			files = (
				B8327F062D0E45AD00DC1AC1 /* DataLayer in Frameworks */,
				B86B5AC32C56F580003BBEE4 /* SimpleToast in Frameworks */,
				B8327F082D0E45B100DC1AC1 /* DomainLayer in Frameworks */,
				B86B5AB42C56DEA3003BBEE4 /* Models in Frameworks */,
				B8327E9D2D04E47900DC1AC1 /* Factory in Frameworks */,
				B86B5ADB2C584498003BBEE4 /* DocScanner in Frameworks */,
				B86B5AE12C5844F5003BBEE4 /* OneTimePassword in Frameworks */,
				B86B5ADE2C5844BC003BBEE4 /* SimpleKeychain in Frameworks */,
			);
			runOnlyForDeploymentPostprocessing = 0;
		};
		B86B5A902C56DD8E003BBEE4 /* Frameworks */ = {
			isa = PBXFrameworksBuildPhase;
			buildActionMask = 2147483647;
			files = (
			);
			runOnlyForDeploymentPostprocessing = 0;
		};
		B86B5A9A2C56DD8F003BBEE4 /* Frameworks */ = {
			isa = PBXFrameworksBuildPhase;
			buildActionMask = 2147483647;
			files = (
			);
			runOnlyForDeploymentPostprocessing = 0;
		};
/* End PBXFrameworksBuildPhase section */

/* Begin PBXGroup section */
		B8327F042D0E45AD00DC1AC1 /* Frameworks */ = {
			isa = PBXGroup;
			children = (
			);
			name = Frameworks;
			sourceTree = "<group>";
		};
		B86B5A772C56DD8D003BBEE4 = {
			isa = PBXGroup;
			children = (
				B86B5A822C56DD8D003BBEE4 /* AuthKeeper */,
				B86B5A962C56DD8E003BBEE4 /* AuthKeeperTests */,
				B86B5AA02C56DD8F003BBEE4 /* AuthKeeperUITests */,
				B86B5AB72C56F4BD003BBEE4 /* DataLayer */,
				B86B5AB82C56F4BD003BBEE4 /* DomainLayer */,
				B86B5AB52C56F41B003BBEE4 /* Models */,
				B8327F042D0E45AD00DC1AC1 /* Frameworks */,
				B86B5A812C56DD8D003BBEE4 /* Products */,
			);
			sourceTree = "<group>";
		};
		B86B5A812C56DD8D003BBEE4 /* Products */ = {
			isa = PBXGroup;
			children = (
				B86B5A802C56DD8D003BBEE4 /* AuthKeeper.app */,
				B86B5A932C56DD8E003BBEE4 /* AuthKeeperTests.xctest */,
				B86B5A9D2C56DD8F003BBEE4 /* AuthKeeperUITests.xctest */,
			);
			name = Products;
			sourceTree = "<group>";
		};
/* End PBXGroup section */

/* Begin PBXNativeTarget section */
		B86B5A7F2C56DD8D003BBEE4 /* AuthKeeper */ = {
			isa = PBXNativeTarget;
			buildConfigurationList = B86B5AA72C56DD8F003BBEE4 /* Build configuration list for PBXNativeTarget "AuthKeeper" */;
			buildPhases = (
				B86B5AE22C584748003BBEE4 /* Swiftformat */,
				B86B5AE32C58476C003BBEE4 /* Swiftlint */,
				B86B5A7C2C56DD8D003BBEE4 /* Sources */,
				B86B5A7D2C56DD8D003BBEE4 /* Frameworks */,
				B86B5A7E2C56DD8D003BBEE4 /* Resources */,
			);
			buildRules = (
			);
			dependencies = (
			);
			fileSystemSynchronizedGroups = (
				B86B5A822C56DD8D003BBEE4 /* AuthKeeper */,
			);
			name = AuthKeeper;
			packageProductDependencies = (
				B86B5AB32C56DEA3003BBEE4 /* Models */,
				B86B5AC22C56F580003BBEE4 /* SimpleToast */,
				B86B5ADA2C584498003BBEE4 /* DocScanner */,
				B86B5ADD2C5844BC003BBEE4 /* SimpleKeychain */,
				B86B5AE02C5844F5003BBEE4 /* OneTimePassword */,
				B8327E9C2D04E47900DC1AC1 /* Factory */,
				B8327F052D0E45AD00DC1AC1 /* DataLayer */,
				B8327F072D0E45B100DC1AC1 /* DomainLayer */,
			);
			productName = AuthKeeper;
			productReference = B86B5A802C56DD8D003BBEE4 /* AuthKeeper.app */;
			productType = "com.apple.product-type.application";
		};
		B86B5A922C56DD8E003BBEE4 /* AuthKeeperTests */ = {
			isa = PBXNativeTarget;
			buildConfigurationList = B86B5AAA2C56DD8F003BBEE4 /* Build configuration list for PBXNativeTarget "AuthKeeperTests" */;
			buildPhases = (
				B86B5A8F2C56DD8E003BBEE4 /* Sources */,
				B86B5A902C56DD8E003BBEE4 /* Frameworks */,
				B86B5A912C56DD8E003BBEE4 /* Resources */,
			);
			buildRules = (
			);
			dependencies = (
				B86B5A952C56DD8E003BBEE4 /* PBXTargetDependency */,
			);
			fileSystemSynchronizedGroups = (
				B86B5A962C56DD8E003BBEE4 /* AuthKeeperTests */,
			);
			name = AuthKeeperTests;
			packageProductDependencies = (
			);
			productName = AuthKeeperTests;
			productReference = B86B5A932C56DD8E003BBEE4 /* AuthKeeperTests.xctest */;
			productType = "com.apple.product-type.bundle.unit-test";
		};
		B86B5A9C2C56DD8F003BBEE4 /* AuthKeeperUITests */ = {
			isa = PBXNativeTarget;
			buildConfigurationList = B86B5AAD2C56DD8F003BBEE4 /* Build configuration list for PBXNativeTarget "AuthKeeperUITests" */;
			buildPhases = (
				B86B5A992C56DD8F003BBEE4 /* Sources */,
				B86B5A9A2C56DD8F003BBEE4 /* Frameworks */,
				B86B5A9B2C56DD8F003BBEE4 /* Resources */,
			);
			buildRules = (
			);
			dependencies = (
				B86B5A9F2C56DD8F003BBEE4 /* PBXTargetDependency */,
			);
			fileSystemSynchronizedGroups = (
				B86B5AA02C56DD8F003BBEE4 /* AuthKeeperUITests */,
			);
			name = AuthKeeperUITests;
			packageProductDependencies = (
			);
			productName = AuthKeeperUITests;
			productReference = B86B5A9D2C56DD8F003BBEE4 /* AuthKeeperUITests.xctest */;
			productType = "com.apple.product-type.bundle.ui-testing";
		};
/* End PBXNativeTarget section */

/* Begin PBXProject section */
		B86B5A782C56DD8D003BBEE4 /* Project object */ = {
			isa = PBXProject;
			attributes = {
				BuildIndependentTargetsInParallel = 1;
				LastSwiftUpdateCheck = 1600;
				LastUpgradeCheck = 1610;
				TargetAttributes = {
					B86B5A7F2C56DD8D003BBEE4 = {
						CreatedOnToolsVersion = 16.0;
					};
					B86B5A922C56DD8E003BBEE4 = {
						CreatedOnToolsVersion = 16.0;
						TestTargetID = B86B5A7F2C56DD8D003BBEE4;
					};
					B86B5A9C2C56DD8F003BBEE4 = {
						CreatedOnToolsVersion = 16.0;
						TestTargetID = B86B5A7F2C56DD8D003BBEE4;
					};
				};
			};
			buildConfigurationList = B86B5A7B2C56DD8D003BBEE4 /* Build configuration list for PBXProject "AuthKeeper" */;
			compatibilityVersion = "Xcode 15.0";
			developmentRegion = en;
			hasScannedForEncodings = 0;
			knownRegions = (
				en,
				Base,
			);
			mainGroup = B86B5A772C56DD8D003BBEE4;
			packageReferences = (
				B86B5AC12C56F580003BBEE4 /* XCRemoteSwiftPackageReference "SimpleToast" */,
				B86B5AD92C584498003BBEE4 /* XCRemoteSwiftPackageReference "DocScanner" */,
				B86B5ADC2C5844BC003BBEE4 /* XCRemoteSwiftPackageReference "SimpleKeychain" */,
				B86B5ADF2C5844F5003BBEE4 /* XCRemoteSwiftPackageReference "OneTimePassword" */,
				B8327E9B2D04E47900DC1AC1 /* XCRemoteSwiftPackageReference "Factory" */,
			);
			productRefGroup = B86B5A812C56DD8D003BBEE4 /* Products */;
			projectDirPath = "";
			projectRoot = "";
			targets = (
				B86B5A7F2C56DD8D003BBEE4 /* AuthKeeper */,
				B86B5A922C56DD8E003BBEE4 /* AuthKeeperTests */,
				B86B5A9C2C56DD8F003BBEE4 /* AuthKeeperUITests */,
			);
		};
/* End PBXProject section */

/* Begin PBXResourcesBuildPhase section */
		B86B5A7E2C56DD8D003BBEE4 /* Resources */ = {
			isa = PBXResourcesBuildPhase;
			buildActionMask = 2147483647;
			files = (
				B86B5AB92C56F4BD003BBEE4 /* DataLayer in Resources */,
				B86B5ABA2C56F4BD003BBEE4 /* DomainLayer in Resources */,
				B86B5AB62C56F41B003BBEE4 /* Models in Resources */,
			);
			runOnlyForDeploymentPostprocessing = 0;
		};
		B86B5A912C56DD8E003BBEE4 /* Resources */ = {
			isa = PBXResourcesBuildPhase;
			buildActionMask = 2147483647;
			files = (
			);
			runOnlyForDeploymentPostprocessing = 0;
		};
		B86B5A9B2C56DD8F003BBEE4 /* Resources */ = {
			isa = PBXResourcesBuildPhase;
			buildActionMask = 2147483647;
			files = (
			);
			runOnlyForDeploymentPostprocessing = 0;
		};
/* End PBXResourcesBuildPhase section */

/* Begin PBXShellScriptBuildPhase section */
		B86B5AE22C584748003BBEE4 /* Swiftformat */ = {
			isa = PBXShellScriptBuildPhase;
			alwaysOutOfDate = 1;
			buildActionMask = 2147483647;
			files = (
			);
			inputFileListPaths = (
			);
			inputPaths = (
			);
			name = Swiftformat;
			outputFileListPaths = (
			);
			outputPaths = (
			);
			runOnlyForDeploymentPostprocessing = 0;
			shellPath = /bin/sh;
			shellScript = "PATH=/opt/homebrew/bin/:$PATH\n\nif which swiftformat >/dev/null; then\nswiftformat .\nelse\necho \"warning: SwiftFormat not installed, download from https://github.com/nicklockwood/SwiftFormat\"\nfi\n";
		};
		B86B5AE32C58476C003BBEE4 /* Swiftlint */ = {
			isa = PBXShellScriptBuildPhase;
			alwaysOutOfDate = 1;
			buildActionMask = 2147483647;
			files = (
			);
			inputFileListPaths = (
			);
			inputPaths = (
			);
			name = Swiftlint;
			outputFileListPaths = (
			);
			outputPaths = (
			);
			runOnlyForDeploymentPostprocessing = 0;
			shellPath = /bin/sh;
			shellScript = "PATH=/opt/homebrew/bin/:$PATH\n\nif which swiftlint >/dev/null; then\n  swiftlint --fix && swiftlint\nelse\n  echo \"warning: SwiftLint not installed, download from https://github.com/realm/SwiftLint\"\nfi\n";
		};
/* End PBXShellScriptBuildPhase section */

/* Begin PBXSourcesBuildPhase section */
		B86B5A7C2C56DD8D003BBEE4 /* Sources */ = {
			isa = PBXSourcesBuildPhase;
			buildActionMask = 2147483647;
			files = (
			);
			runOnlyForDeploymentPostprocessing = 0;
		};
		B86B5A8F2C56DD8E003BBEE4 /* Sources */ = {
			isa = PBXSourcesBuildPhase;
			buildActionMask = 2147483647;
			files = (
			);
			runOnlyForDeploymentPostprocessing = 0;
		};
		B86B5A992C56DD8F003BBEE4 /* Sources */ = {
			isa = PBXSourcesBuildPhase;
			buildActionMask = 2147483647;
			files = (
			);
			runOnlyForDeploymentPostprocessing = 0;
		};
/* End PBXSourcesBuildPhase section */

/* Begin PBXTargetDependency section */
		B86B5A952C56DD8E003BBEE4 /* PBXTargetDependency */ = {
			isa = PBXTargetDependency;
			target = B86B5A7F2C56DD8D003BBEE4 /* AuthKeeper */;
			targetProxy = B86B5A942C56DD8E003BBEE4 /* PBXContainerItemProxy */;
		};
		B86B5A9F2C56DD8F003BBEE4 /* PBXTargetDependency */ = {
			isa = PBXTargetDependency;
			target = B86B5A7F2C56DD8D003BBEE4 /* AuthKeeper */;
			targetProxy = B86B5A9E2C56DD8F003BBEE4 /* PBXContainerItemProxy */;
		};
/* End PBXTargetDependency section */

/* Begin XCBuildConfiguration section */
		B86B5AA52C56DD8F003BBEE4 /* Debug */ = {
			isa = XCBuildConfiguration;
			buildSettings = {
				ALWAYS_SEARCH_USER_PATHS = NO;
				ASSETCATALOG_COMPILER_GENERATE_SWIFT_ASSET_SYMBOL_EXTENSIONS = YES;
				CLANG_ANALYZER_NONNULL = YES;
				CLANG_ANALYZER_NUMBER_OBJECT_CONVERSION = YES_AGGRESSIVE;
				CLANG_CXX_LANGUAGE_STANDARD = "gnu++20";
				CLANG_ENABLE_MODULES = YES;
				CLANG_ENABLE_OBJC_ARC = YES;
				CLANG_ENABLE_OBJC_WEAK = YES;
				CLANG_WARN_BLOCK_CAPTURE_AUTORELEASING = YES;
				CLANG_WARN_BOOL_CONVERSION = YES;
				CLANG_WARN_COMMA = YES;
				CLANG_WARN_CONSTANT_CONVERSION = YES;
				CLANG_WARN_DEPRECATED_OBJC_IMPLEMENTATIONS = YES;
				CLANG_WARN_DIRECT_OBJC_ISA_USAGE = YES_ERROR;
				CLANG_WARN_DOCUMENTATION_COMMENTS = YES;
				CLANG_WARN_EMPTY_BODY = YES;
				CLANG_WARN_ENUM_CONVERSION = YES;
				CLANG_WARN_INFINITE_RECURSION = YES;
				CLANG_WARN_INT_CONVERSION = YES;
				CLANG_WARN_NON_LITERAL_NULL_CONVERSION = YES;
				CLANG_WARN_OBJC_IMPLICIT_RETAIN_SELF = YES;
				CLANG_WARN_OBJC_LITERAL_CONVERSION = YES;
				CLANG_WARN_OBJC_ROOT_CLASS = YES_ERROR;
				CLANG_WARN_QUOTED_INCLUDE_IN_FRAMEWORK_HEADER = YES;
				CLANG_WARN_RANGE_LOOP_ANALYSIS = YES;
				CLANG_WARN_STRICT_PROTOTYPES = YES;
				CLANG_WARN_SUSPICIOUS_MOVE = YES;
				CLANG_WARN_UNGUARDED_AVAILABILITY = YES_AGGRESSIVE;
				CLANG_WARN_UNREACHABLE_CODE = YES;
				CLANG_WARN__DUPLICATE_METHOD_MATCH = YES;
				COPY_PHASE_STRIP = NO;
				DEAD_CODE_STRIPPING = YES;
				DEBUG_INFORMATION_FORMAT = dwarf;
				ENABLE_STRICT_OBJC_MSGSEND = YES;
				ENABLE_TESTABILITY = YES;
				ENABLE_USER_SCRIPT_SANDBOXING = NO;
				GCC_C_LANGUAGE_STANDARD = gnu17;
				GCC_DYNAMIC_NO_PIC = NO;
				GCC_NO_COMMON_BLOCKS = YES;
				GCC_OPTIMIZATION_LEVEL = 0;
				GCC_PREPROCESSOR_DEFINITIONS = (
					"DEBUG=1",
					"$(inherited)",
				);
				GCC_WARN_64_TO_32_BIT_CONVERSION = YES;
				GCC_WARN_ABOUT_RETURN_TYPE = YES_ERROR;
				GCC_WARN_UNDECLARED_SELECTOR = YES;
				GCC_WARN_UNINITIALIZED_AUTOS = YES_AGGRESSIVE;
				GCC_WARN_UNUSED_FUNCTION = YES;
				GCC_WARN_UNUSED_VARIABLE = YES;
				LOCALIZATION_PREFERS_STRING_CATALOGS = YES;
				MTL_ENABLE_DEBUG_INFO = INCLUDE_SOURCE;
				MTL_FAST_MATH = YES;
				ONLY_ACTIVE_ARCH = YES;
				SWIFT_ACTIVE_COMPILATION_CONDITIONS = "DEBUG $(inherited)";
				SWIFT_OPTIMIZATION_LEVEL = "-Onone";
				SWIFT_VERSION = 6.0;
			};
			name = Debug;
		};
		B86B5AA62C56DD8F003BBEE4 /* Release */ = {
			isa = XCBuildConfiguration;
			buildSettings = {
				ALWAYS_SEARCH_USER_PATHS = NO;
				ASSETCATALOG_COMPILER_GENERATE_SWIFT_ASSET_SYMBOL_EXTENSIONS = YES;
				CLANG_ANALYZER_NONNULL = YES;
				CLANG_ANALYZER_NUMBER_OBJECT_CONVERSION = YES_AGGRESSIVE;
				CLANG_CXX_LANGUAGE_STANDARD = "gnu++20";
				CLANG_ENABLE_MODULES = YES;
				CLANG_ENABLE_OBJC_ARC = YES;
				CLANG_ENABLE_OBJC_WEAK = YES;
				CLANG_WARN_BLOCK_CAPTURE_AUTORELEASING = YES;
				CLANG_WARN_BOOL_CONVERSION = YES;
				CLANG_WARN_COMMA = YES;
				CLANG_WARN_CONSTANT_CONVERSION = YES;
				CLANG_WARN_DEPRECATED_OBJC_IMPLEMENTATIONS = YES;
				CLANG_WARN_DIRECT_OBJC_ISA_USAGE = YES_ERROR;
				CLANG_WARN_DOCUMENTATION_COMMENTS = YES;
				CLANG_WARN_EMPTY_BODY = YES;
				CLANG_WARN_ENUM_CONVERSION = YES;
				CLANG_WARN_INFINITE_RECURSION = YES;
				CLANG_WARN_INT_CONVERSION = YES;
				CLANG_WARN_NON_LITERAL_NULL_CONVERSION = YES;
				CLANG_WARN_OBJC_IMPLICIT_RETAIN_SELF = YES;
				CLANG_WARN_OBJC_LITERAL_CONVERSION = YES;
				CLANG_WARN_OBJC_ROOT_CLASS = YES_ERROR;
				CLANG_WARN_QUOTED_INCLUDE_IN_FRAMEWORK_HEADER = YES;
				CLANG_WARN_RANGE_LOOP_ANALYSIS = YES;
				CLANG_WARN_STRICT_PROTOTYPES = YES;
				CLANG_WARN_SUSPICIOUS_MOVE = YES;
				CLANG_WARN_UNGUARDED_AVAILABILITY = YES_AGGRESSIVE;
				CLANG_WARN_UNREACHABLE_CODE = YES;
				CLANG_WARN__DUPLICATE_METHOD_MATCH = YES;
				COPY_PHASE_STRIP = NO;
				DEAD_CODE_STRIPPING = YES;
				DEBUG_INFORMATION_FORMAT = "dwarf-with-dsym";
				ENABLE_NS_ASSERTIONS = NO;
				ENABLE_STRICT_OBJC_MSGSEND = YES;
				ENABLE_USER_SCRIPT_SANDBOXING = NO;
				GCC_C_LANGUAGE_STANDARD = gnu17;
				GCC_NO_COMMON_BLOCKS = YES;
				GCC_WARN_64_TO_32_BIT_CONVERSION = YES;
				GCC_WARN_ABOUT_RETURN_TYPE = YES_ERROR;
				GCC_WARN_UNDECLARED_SELECTOR = YES;
				GCC_WARN_UNINITIALIZED_AUTOS = YES_AGGRESSIVE;
				GCC_WARN_UNUSED_FUNCTION = YES;
				GCC_WARN_UNUSED_VARIABLE = YES;
				LOCALIZATION_PREFERS_STRING_CATALOGS = YES;
				MTL_ENABLE_DEBUG_INFO = NO;
				MTL_FAST_MATH = YES;
				SWIFT_COMPILATION_MODE = wholemodule;
				SWIFT_VERSION = 6.0;
			};
			name = Release;
		};
		B86B5AA82C56DD8F003BBEE4 /* Debug */ = {
			isa = XCBuildConfiguration;
			buildSettings = {
				ASSETCATALOG_COMPILER_APPICON_NAME = AppIcon;
				ASSETCATALOG_COMPILER_GLOBAL_ACCENT_COLOR_NAME = AccentColor;
				CODE_SIGN_ENTITLEMENTS = AuthKeeper/AuthKeeper.entitlements;
				CODE_SIGN_STYLE = Automatic;
				CURRENT_PROJECT_VERSION = 1;
				DEAD_CODE_STRIPPING = YES;
				DEVELOPMENT_ASSET_PATHS = "\"AuthKeeper/Preview Content\"";
				DEVELOPMENT_TEAM = HG67WS83RZ;
				ENABLE_PREVIEWS = YES;
				GENERATE_INFOPLIST_FILE = YES;
				INFOPLIST_KEY_NSCameraUsageDescription = "Need usage of camra to be able to scan qr codes";
				"INFOPLIST_KEY_UIApplicationSceneManifest_Generation[sdk=iphoneos*]" = YES;
				"INFOPLIST_KEY_UIApplicationSceneManifest_Generation[sdk=iphonesimulator*]" = YES;
				"INFOPLIST_KEY_UIApplicationSupportsIndirectInputEvents[sdk=iphoneos*]" = YES;
				"INFOPLIST_KEY_UIApplicationSupportsIndirectInputEvents[sdk=iphonesimulator*]" = YES;
				"INFOPLIST_KEY_UILaunchScreen_Generation[sdk=iphoneos*]" = YES;
				"INFOPLIST_KEY_UILaunchScreen_Generation[sdk=iphonesimulator*]" = YES;
				"INFOPLIST_KEY_UIStatusBarStyle[sdk=iphoneos*]" = UIStatusBarStyleDefault;
				"INFOPLIST_KEY_UIStatusBarStyle[sdk=iphonesimulator*]" = UIStatusBarStyleDefault;
				INFOPLIST_KEY_UISupportedInterfaceOrientations_iPad = "UIInterfaceOrientationPortrait UIInterfaceOrientationPortraitUpsideDown UIInterfaceOrientationLandscapeLeft UIInterfaceOrientationLandscapeRight";
				INFOPLIST_KEY_UISupportedInterfaceOrientations_iPhone = "UIInterfaceOrientationPortrait UIInterfaceOrientationLandscapeLeft UIInterfaceOrientationLandscapeRight";
				IPHONEOS_DEPLOYMENT_TARGET = 18.0;
				LD_RUNPATH_SEARCH_PATHS = "@executable_path/Frameworks";
				"LD_RUNPATH_SEARCH_PATHS[sdk=macosx*]" = "@executable_path/../Frameworks";
				MACOSX_DEPLOYMENT_TARGET = 15.0;
				MARKETING_VERSION = 1.0;
				PRODUCT_BUNDLE_IDENTIFIER = com.mlukacs.AuthKeeper;
				PRODUCT_NAME = "$(TARGET_NAME)";
				SDKROOT = auto;
				SUPPORTED_PLATFORMS = "iphoneos iphonesimulator macosx xros xrsimulator";
				SWIFT_EMIT_LOC_STRINGS = YES;
				SWIFT_VERSION = 6.0;
				TARGETED_DEVICE_FAMILY = "1,2,7";
				XROS_DEPLOYMENT_TARGET = 2.0;
			};
			name = Debug;
		};
		B86B5AA92C56DD8F003BBEE4 /* Release */ = {
			isa = XCBuildConfiguration;
			buildSettings = {
				ASSETCATALOG_COMPILER_APPICON_NAME = AppIcon;
				ASSETCATALOG_COMPILER_GLOBAL_ACCENT_COLOR_NAME = AccentColor;
				CODE_SIGN_ENTITLEMENTS = AuthKeeper/AuthKeeper.entitlements;
				CODE_SIGN_STYLE = Automatic;
				CURRENT_PROJECT_VERSION = 1;
				DEAD_CODE_STRIPPING = YES;
				DEVELOPMENT_ASSET_PATHS = "\"AuthKeeper/Preview Content\"";
				DEVELOPMENT_TEAM = HG67WS83RZ;
				ENABLE_PREVIEWS = YES;
				GENERATE_INFOPLIST_FILE = YES;
				INFOPLIST_KEY_NSCameraUsageDescription = "Need usage of camra to be able to scan qr codes";
				"INFOPLIST_KEY_UIApplicationSceneManifest_Generation[sdk=iphoneos*]" = YES;
				"INFOPLIST_KEY_UIApplicationSceneManifest_Generation[sdk=iphonesimulator*]" = YES;
				"INFOPLIST_KEY_UIApplicationSupportsIndirectInputEvents[sdk=iphoneos*]" = YES;
				"INFOPLIST_KEY_UIApplicationSupportsIndirectInputEvents[sdk=iphonesimulator*]" = YES;
				"INFOPLIST_KEY_UILaunchScreen_Generation[sdk=iphoneos*]" = YES;
				"INFOPLIST_KEY_UILaunchScreen_Generation[sdk=iphonesimulator*]" = YES;
				"INFOPLIST_KEY_UIStatusBarStyle[sdk=iphoneos*]" = UIStatusBarStyleDefault;
				"INFOPLIST_KEY_UIStatusBarStyle[sdk=iphonesimulator*]" = UIStatusBarStyleDefault;
				INFOPLIST_KEY_UISupportedInterfaceOrientations_iPad = "UIInterfaceOrientationPortrait UIInterfaceOrientationPortraitUpsideDown UIInterfaceOrientationLandscapeLeft UIInterfaceOrientationLandscapeRight";
				INFOPLIST_KEY_UISupportedInterfaceOrientations_iPhone = "UIInterfaceOrientationPortrait UIInterfaceOrientationLandscapeLeft UIInterfaceOrientationLandscapeRight";
				IPHONEOS_DEPLOYMENT_TARGET = 18.0;
				LD_RUNPATH_SEARCH_PATHS = "@executable_path/Frameworks";
				"LD_RUNPATH_SEARCH_PATHS[sdk=macosx*]" = "@executable_path/../Frameworks";
				MACOSX_DEPLOYMENT_TARGET = 15.0;
				MARKETING_VERSION = 1.0;
				PRODUCT_BUNDLE_IDENTIFIER = com.mlukacs.AuthKeeper;
				PRODUCT_NAME = "$(TARGET_NAME)";
				SDKROOT = auto;
				SUPPORTED_PLATFORMS = "iphoneos iphonesimulator macosx xros xrsimulator";
				SWIFT_EMIT_LOC_STRINGS = YES;
				SWIFT_VERSION = 6.0;
				TARGETED_DEVICE_FAMILY = "1,2,7";
				XROS_DEPLOYMENT_TARGET = 2.0;
			};
			name = Release;
		};
		B86B5AAB2C56DD8F003BBEE4 /* Debug */ = {
			isa = XCBuildConfiguration;
			buildSettings = {
				BUNDLE_LOADER = "$(TEST_HOST)";
				CODE_SIGN_STYLE = Automatic;
				CURRENT_PROJECT_VERSION = 1;
				DEAD_CODE_STRIPPING = YES;
				GENERATE_INFOPLIST_FILE = YES;
				IPHONEOS_DEPLOYMENT_TARGET = 18.0;
				MACOSX_DEPLOYMENT_TARGET = 14.5;
				MARKETING_VERSION = 1.0;
				PRODUCT_BUNDLE_IDENTIFIER = com.mlukacs.AuthKeeperTests;
				PRODUCT_NAME = "$(TARGET_NAME)";
				SDKROOT = auto;
				SUPPORTED_PLATFORMS = "iphoneos iphonesimulator macosx xros xrsimulator";
				SWIFT_EMIT_LOC_STRINGS = NO;
				SWIFT_VERSION = 5.0;
				TARGETED_DEVICE_FAMILY = "1,2,7";
				TEST_HOST = "$(BUILT_PRODUCTS_DIR)/AuthKeeper.app/$(BUNDLE_EXECUTABLE_FOLDER_PATH)/AuthKeeper";
				XROS_DEPLOYMENT_TARGET = 2.0;
			};
			name = Debug;
		};
		B86B5AAC2C56DD8F003BBEE4 /* Release */ = {
			isa = XCBuildConfiguration;
			buildSettings = {
				BUNDLE_LOADER = "$(TEST_HOST)";
				CODE_SIGN_STYLE = Automatic;
				CURRENT_PROJECT_VERSION = 1;
				DEAD_CODE_STRIPPING = YES;
				GENERATE_INFOPLIST_FILE = YES;
				IPHONEOS_DEPLOYMENT_TARGET = 18.0;
				MACOSX_DEPLOYMENT_TARGET = 14.5;
				MARKETING_VERSION = 1.0;
				PRODUCT_BUNDLE_IDENTIFIER = com.mlukacs.AuthKeeperTests;
				PRODUCT_NAME = "$(TARGET_NAME)";
				SDKROOT = auto;
				SUPPORTED_PLATFORMS = "iphoneos iphonesimulator macosx xros xrsimulator";
				SWIFT_EMIT_LOC_STRINGS = NO;
				SWIFT_VERSION = 5.0;
				TARGETED_DEVICE_FAMILY = "1,2,7";
				TEST_HOST = "$(BUILT_PRODUCTS_DIR)/AuthKeeper.app/$(BUNDLE_EXECUTABLE_FOLDER_PATH)/AuthKeeper";
				XROS_DEPLOYMENT_TARGET = 2.0;
			};
			name = Release;
		};
		B86B5AAE2C56DD8F003BBEE4 /* Debug */ = {
			isa = XCBuildConfiguration;
			buildSettings = {
				CODE_SIGN_STYLE = Automatic;
				CURRENT_PROJECT_VERSION = 1;
				DEAD_CODE_STRIPPING = YES;
				GENERATE_INFOPLIST_FILE = YES;
				IPHONEOS_DEPLOYMENT_TARGET = 18.0;
				MACOSX_DEPLOYMENT_TARGET = 14.5;
				MARKETING_VERSION = 1.0;
				PRODUCT_BUNDLE_IDENTIFIER = com.mlukacs.AuthKeeperUITests;
				PRODUCT_NAME = "$(TARGET_NAME)";
				SDKROOT = auto;
				SUPPORTED_PLATFORMS = "iphoneos iphonesimulator macosx xros xrsimulator";
				SWIFT_EMIT_LOC_STRINGS = NO;
				SWIFT_VERSION = 5.0;
				TARGETED_DEVICE_FAMILY = "1,2,7";
				TEST_TARGET_NAME = AuthKeeper;
				XROS_DEPLOYMENT_TARGET = 2.0;
			};
			name = Debug;
		};
		B86B5AAF2C56DD8F003BBEE4 /* Release */ = {
			isa = XCBuildConfiguration;
			buildSettings = {
				CODE_SIGN_STYLE = Automatic;
				CURRENT_PROJECT_VERSION = 1;
				DEAD_CODE_STRIPPING = YES;
				GENERATE_INFOPLIST_FILE = YES;
				IPHONEOS_DEPLOYMENT_TARGET = 18.0;
				MACOSX_DEPLOYMENT_TARGET = 14.5;
				MARKETING_VERSION = 1.0;
				PRODUCT_BUNDLE_IDENTIFIER = com.mlukacs.AuthKeeperUITests;
				PRODUCT_NAME = "$(TARGET_NAME)";
				SDKROOT = auto;
				SUPPORTED_PLATFORMS = "iphoneos iphonesimulator macosx xros xrsimulator";
				SWIFT_EMIT_LOC_STRINGS = NO;
				SWIFT_VERSION = 5.0;
				TARGETED_DEVICE_FAMILY = "1,2,7";
				TEST_TARGET_NAME = AuthKeeper;
				XROS_DEPLOYMENT_TARGET = 2.0;
			};
			name = Release;
		};
/* End XCBuildConfiguration section */

/* Begin XCConfigurationList section */
		B86B5A7B2C56DD8D003BBEE4 /* Build configuration list for PBXProject "AuthKeeper" */ = {
			isa = XCConfigurationList;
			buildConfigurations = (
				B86B5AA52C56DD8F003BBEE4 /* Debug */,
				B86B5AA62C56DD8F003BBEE4 /* Release */,
			);
			defaultConfigurationIsVisible = 0;
			defaultConfigurationName = Release;
		};
		B86B5AA72C56DD8F003BBEE4 /* Build configuration list for PBXNativeTarget "AuthKeeper" */ = {
			isa = XCConfigurationList;
			buildConfigurations = (
				B86B5AA82C56DD8F003BBEE4 /* Debug */,
				B86B5AA92C56DD8F003BBEE4 /* Release */,
			);
			defaultConfigurationIsVisible = 0;
			defaultConfigurationName = Release;
		};
		B86B5AAA2C56DD8F003BBEE4 /* Build configuration list for PBXNativeTarget "AuthKeeperTests" */ = {
			isa = XCConfigurationList;
			buildConfigurations = (
				B86B5AAB2C56DD8F003BBEE4 /* Debug */,
				B86B5AAC2C56DD8F003BBEE4 /* Release */,
			);
			defaultConfigurationIsVisible = 0;
			defaultConfigurationName = Release;
		};
		B86B5AAD2C56DD8F003BBEE4 /* Build configuration list for PBXNativeTarget "AuthKeeperUITests" */ = {
			isa = XCConfigurationList;
			buildConfigurations = (
				B86B5AAE2C56DD8F003BBEE4 /* Debug */,
				B86B5AAF2C56DD8F003BBEE4 /* Release */,
			);
			defaultConfigurationIsVisible = 0;
			defaultConfigurationName = Release;
		};
/* End XCConfigurationList section */

/* Begin XCRemoteSwiftPackageReference section */
		B8327E9B2D04E47900DC1AC1 /* XCRemoteSwiftPackageReference "Factory" */ = {
			isa = XCRemoteSwiftPackageReference;
			repositoryURL = "https://github.com/hmlongco/Factory";
			requirement = {
				kind = upToNextMajorVersion;
				minimumVersion = 2.4.3;
			};
		};
		B86B5AC12C56F580003BBEE4 /* XCRemoteSwiftPackageReference "SimpleToast" */ = {
			isa = XCRemoteSwiftPackageReference;
			repositoryURL = "https://github.com/lukacs-m/SimpleToast";
			requirement = {
				kind = upToNextMajorVersion;
				minimumVersion = 0.1.3;
			};
		};
		B86B5AD92C584498003BBEE4 /* XCRemoteSwiftPackageReference "DocScanner" */ = {
			isa = XCRemoteSwiftPackageReference;
			repositoryURL = "https://github.com/lukacs-m/DocScanner";
			requirement = {
				branch = main;
				kind = branch;
			};
		};
		B86B5ADC2C5844BC003BBEE4 /* XCRemoteSwiftPackageReference "SimpleKeychain" */ = {
			isa = XCRemoteSwiftPackageReference;
			repositoryURL = "https://github.com/lukacs-m/SimpleKeychain";
			requirement = {
				kind = upToNextMajorVersion;
				minimumVersion = 0.1.2;
			};
		};
		B86B5ADF2C5844F5003BBEE4 /* XCRemoteSwiftPackageReference "OneTimePassword" */ = {
			isa = XCRemoteSwiftPackageReference;
			repositoryURL = "https://github.com/lukacs-m/OneTimePassword";
			requirement = {
				branch = develop;
				kind = branch;
			};
		};
/* End XCRemoteSwiftPackageReference section */

/* Begin XCSwiftPackageProductDependency section */
		B8327E9C2D04E47900DC1AC1 /* Factory */ = {
			isa = XCSwiftPackageProductDependency;
			package = B8327E9B2D04E47900DC1AC1 /* XCRemoteSwiftPackageReference "Factory" */;
			productName = Factory;
		};
		B8327F052D0E45AD00DC1AC1 /* DataLayer */ = {
			isa = XCSwiftPackageProductDependency;
			productName = DataLayer;
		};
		B8327F072D0E45B100DC1AC1 /* DomainLayer */ = {
			isa = XCSwiftPackageProductDependency;
			productName = DomainLayer;
		};
		B86B5AB32C56DEA3003BBEE4 /* Models */ = {
			isa = XCSwiftPackageProductDependency;
			productName = Models;
		};
		B86B5AC22C56F580003BBEE4 /* SimpleToast */ = {
			isa = XCSwiftPackageProductDependency;
			package = B86B5AC12C56F580003BBEE4 /* XCRemoteSwiftPackageReference "SimpleToast" */;
			productName = SimpleToast;
		};
		B86B5ADA2C584498003BBEE4 /* DocScanner */ = {
			isa = XCSwiftPackageProductDependency;
			package = B86B5AD92C584498003BBEE4 /* XCRemoteSwiftPackageReference "DocScanner" */;
			productName = DocScanner;
		};
		B86B5ADD2C5844BC003BBEE4 /* SimpleKeychain */ = {
			isa = XCSwiftPackageProductDependency;
			package = B86B5ADC2C5844BC003BBEE4 /* XCRemoteSwiftPackageReference "SimpleKeychain" */;
			productName = SimpleKeychain;
		};
		B86B5AE02C5844F5003BBEE4 /* OneTimePassword */ = {
			isa = XCSwiftPackageProductDependency;
			package = B86B5ADF2C5844F5003BBEE4 /* XCRemoteSwiftPackageReference "OneTimePassword" */;
			productName = OneTimePassword;
		};
/* End XCSwiftPackageProductDependency section */
	};
	rootObject = B86B5A782C56DD8D003BBEE4 /* Project object */;
}
