{
  "originHash" : "ee0762319c8e4a57daee1f5799190bd01c87b8aa2befd639471f2016ae1a15af",
  "pins" : [
    {
      "identity" : "docscanner",
      "kind" : "remoteSourceControl",
      "location" : "https://github.com/lukacs-m/DocScanner",
      "state" : {
        "branch" : "main",
        "revision" : "e1a1216ae4f9e38793ab2dbe21035fd46749a8c3"
      }
    },
    {
      "identity" : "factory",
      "kind" : "remoteSourceControl",
      "location" : "https://github.com/hmlongco/Factory",
      "state" : {
        "revision" : "fb04a8918848e413d3921d346a23bae7f81088d9",
        "version" : "2.4.3"
      }
    },
    {
      "identity" : "modifiedcopymacro",
      "kind" : "remoteSourceControl",
      "location" : "https://github.com/WilhelmOks/ModifiedCopyMacro.git",
      "state" : {
        "revision" : "f50863ef577ca3667aef00fc4b1cc01097d63d9d",
        "version" : "2.1.1"
      }
    },
    {
      "identity" : "onetimepassword",
      "kind" : "remoteSourceControl",
      "location" : "https://github.com/lukacs-m/OneTimePassword",
      "state" : {
        "branch" : "develop",
        "revision" : "ac1030fd84c7ec6fae81de80e9caabf226c0ffc6"
      }
    },
    {
      "identity" : "simplekeychain",
      "kind" : "remoteSourceControl",
      "location" : "https://github.com/lukacs-m/SimpleKeychain",
      "state" : {
        "revision" : "a41b93b2565cc53ed26e547f013590dd484afb06",
        "version" : "0.1.2"
      }
    },
    {
      "identity" : "simpletoast",
      "kind" : "remoteSourceControl",
      "location" : "https://github.com/lukacs-m/SimpleToast",
      "state" : {
        "revision" : "d6f17f500add81e3b70c96b67bf6c9f0265b906a",
        "version" : "0.1.3"
      }
    },
    {
      "identity" : "simplypersist",
      "kind" : "remoteSourceControl",
      "location" : "https://github.com/lukacs-m/SimplyPersist",
      "state" : {
        "branch" : "main",
        "revision" : "ef2acb4054bdfd982ceb1b74e1752b01cf066332"
      }
    },
    {
      "identity" : "swift-syntax",
      "kind" : "remoteSourceControl",
      "location" : "https://github.com/swiftlang/swift-syntax.git",
      "state" : {
        "revision" : "64889f0c732f210a935a0ad7cda38f77f876262d",
        "version" : "509.1.1"
      }
    }
  ],
  "version" : 3
}
