{
  "originHash" : "30c236f2e51b5ce2c749cf5e819f8a855ca20ef7e6b561b9787a6301446b791d",
  "pins" : [
    {
      "identity" : "docscanner",
      "kind" : "remoteSourceControl",
      "location" : "https://github.com/lukacs-m/DocScanner",
      "state" : {
        "branch" : "main",
        "revision" : "e1a1216ae4f9e38793ab2dbe21035fd46749a8c3"
      }
    },
    {
      "identity" : "factory",
      "kind" : "remoteSourceControl",
      "location" : "https://github.com/hmlongco/Factory",
      "state" : {
        "revision" : "fb04a8918848e413d3921d346a23bae7f81088d9",
        "version" : "2.4.3"
      }
    },
    {
      "identity" : "onetimepassword",
      "kind" : "remoteSourceControl",
      "location" : "https://github.com/lukacs-m/OneTimePassword",
      "state" : {
        "branch" : "develop",
        "revision" : "ac1030fd84c7ec6fae81de80e9caabf226c0ffc6"
      }
    },
    {
      "identity" : "simplekeychain",
      "kind" : "remoteSourceControl",
      "location" : "https://github.com/lukacs-m/SimpleKeychain",
      "state" : {
        "revision" : "a41b93b2565cc53ed26e547f013590dd484afb06",
        "version" : "0.1.2"
      }
    },
    {
      "identity" : "simpletoast",
      "kind" : "remoteSourceControl",
      "location" : "https://github.com/lukacs-m/SimpleToast",
      "state" : {
        "revision" : "d6f17f500add81e3b70c96b67bf6c9f0265b906a",
        "version" : "0.1.3"
      }
    },
    {
      "identity" : "simplypersist",
      "kind" : "remoteSourceControl",
      "location" : "https://github.com/lukacs-m/SimplyPersist",
      "state" : {
        "branch" : "main",
        "revision" : "ef2acb4054bdfd982ceb1b74e1752b01cf066332"
      }
    }
  ],
  "version" : 3
}
